
Microsoft Visual Studio Solution File, Format Version 12.00
# Visual Studio Version 16
VisualStudioVersion = 16.0.31005.135
MinimumVisualStudioVersion = 10.0.40219.1
Project("{FAE04EC0-301F-11D3-BF4B-00C04F79EFBC}") = "QuotesApp", "QuotesApp\QuotesApp.csproj", "{3DFF23AC-FEE3-401D-8C4E-46B3418CFB3E}"
EndProject
Global
	GlobalSection(SolutionConfigurationPlatforms) = preSolution
		Debug|Any CPU = Debug|Any CPU
		Release|Any CPU = Release|Any CPU
	EndGlobalSection
	GlobalSection(ProjectConfigurationPlatforms) = postSolution
		{3DFF23AC-FEE3-401D-8C4E-46B3418CFB3E}.Debug|Any CPU.ActiveCfg = Debug|Any CPU
		{3DFF23AC-FEE3-401D-8C4E-46B3418CFB3E}.Debug|Any CPU.Build.0 = Debug|Any CPU
		{3DFF23AC-FEE3-401D-8C4E-46B3418CFB3E}.Release|Any CPU.ActiveCfg = Release|Any CPU
		{3DFF23AC-FEE3-401D-8C4E-46B3418CFB3E}.Release|Any CPU.Build.0 = Release|Any CPU
	EndGlobalSection
	GlobalSection(SolutionProperties) = preSolution
		HideSolutionNode = FALSE
	EndGlobalSection
	GlobalSection(ExtensibilityGlobals) = postSolution
		SolutionGuid = {6A9B76AD-348E-4FB0-B9BC-863D5E43288B}
	EndGlobalSection
EndGlobal
